github.com/google/go-cmp v0.5.0/go.mod h1:v8dTdLbMG2kIc/vJvl+f65V22dbkXbowE6jgT/gNBxE=
github.com/hetznercloud/hcloud-go v1.23.1 h1:SkYdCa6x458cMSDz5GI18iPz5j2hicACiDP6J/s/bTs=
github.com/hetznercloud/hcloud-go v1.23.1/go.mod h1:xng8lbDUg+xM1dgc0yGHX5EeqbwIq7UYlMWMTx3SQVg=
github.com/joho/godotenv v1.3.0 h1:Zjp+RcGpHhGlrMbJzXTrZZPrWj+1vfm90La1wgB6Bhc=
github.com/joho/godotenv v1.3.0/go.mod h1:7hK45KPybAkOC6peb+G5yklZfMxEjkZhHbwpqxOKXbg=
golang.org/x/xerrors v0.0.0-20191204190536-9bdfabe68543/go.mod h1:I/5z698sn9Ka8TeJc9MKroUUfqBBauWjQqLJ2OPfmY0=
